
Microsoft Visual Studio Solution File, Format Version 12.00
# Visual Studio 15
VisualStudioVersion = 15.0.27428.2027
MinimumVisualStudioVersion = 10.0.40219.1
Project("{FAE04EC0-301F-11D3-BF4B-00C04F79EFBC}") = "DeleteVKFavorites", "DeleteVKFavorites\DeleteVKFavorites.csproj", "{54A29000-609A-4630-8F80-4118E98FC9A0}"
	ProjectSection(ProjectDependencies) = postProject
		{BEB870DD-0EF8-49D5-B3D5-870C0D7EB4BD} = {BEB870DD-0EF8-49D5-B3D5-870C0D7EB4BD}
	EndProjectSection
EndProject
Project("{FAE04EC0-301F-11D3-BF4B-00C04F79EFBC}") = "RuCaptcha", "..\RuCaptcha\RuCaptcha\RuCaptcha.csproj", "{BEB870DD-0EF8-49D5-B3D5-870C0D7EB4BD}"
EndProject
Global
	GlobalSection(SolutionConfigurationPlatforms) = preSolution
		Debug|Any CPU = Debug|Any CPU
		Release|Any CPU = Release|Any CPU
	EndGlobalSection
	GlobalSection(ProjectConfigurationPlatforms) = postSolution
		{54A29000-609A-4630-8F80-4118E98FC9A0}.Debug|Any CPU.ActiveCfg = Debug|Any CPU
		{54A29000-609A-4630-8F80-4118E98FC9A0}.Debug|Any CPU.Build.0 = Debug|Any CPU
		{54A29000-609A-4630-8F80-4118E98FC9A0}.Release|Any CPU.ActiveCfg = Release|Any CPU
		{54A29000-609A-4630-8F80-4118E98FC9A0}.Release|Any CPU.Build.0 = Release|Any CPU
		{BEB870DD-0EF8-49D5-B3D5-870C0D7EB4BD}.Debug|Any CPU.ActiveCfg = Debug|Any CPU
		{BEB870DD-0EF8-49D5-B3D5-870C0D7EB4BD}.Debug|Any CPU.Build.0 = Debug|Any CPU
		{BEB870DD-0EF8-49D5-B3D5-870C0D7EB4BD}.Release|Any CPU.ActiveCfg = Release|Any CPU
		{BEB870DD-0EF8-49D5-B3D5-870C0D7EB4BD}.Release|Any CPU.Build.0 = Release|Any CPU
	EndGlobalSection
	GlobalSection(SolutionProperties) = preSolution
		HideSolutionNode = FALSE
	EndGlobalSection
	GlobalSection(ExtensibilityGlobals) = postSolution
		SolutionGuid = {6C121728-41F7-48C5-8F8C-DAE9B39BB9C5}
	EndGlobalSection
EndGlobal
